
Microsoft Visual Studio Solution File, Format Version 12.00
# Visual Studio Version 17
VisualStudioVersion = 17.0.31903.59
MinimumVisualStudioVersion = 10.0.40219.1
Project("{FAE04EC0-301F-11D3-BF4B-00C04F79EFBC}") = "SmoothOperator", "SmoothOperator\SmoothOperator.csproj", "{AA2FF99E-D48B-4615-94D4-4539C2144F4C}"
EndProject
Project("{FAE04EC0-301F-11D3-BF4B-00C04F79EFBC}") = "VariousOperators", "VariousOperators\VariousOperators.csproj", "{9236E434-080D-4379-A687-6FB3BA928D0D}"
EndProject
Project("{FAE04EC0-301F-11D3-BF4B-00C04F79EFBC}") = "Cilindro", "Cilindro\Cilindro.csproj", "{D5B2CEDB-8DFB-40B7-AEB4-60B37E73F17D}"
EndProject
Project("{FAE04EC0-301F-11D3-BF4B-00C04F79EFBC}") = "ValoresEspeciais", "ValoresEspeciais\ValoresEspeciais.csproj", "{74EA8088-12CC-4E2E-A1F6-49B39AD2DADF}"
EndProject
Global
	GlobalSection(SolutionConfigurationPlatforms) = preSolution
		Debug|Any CPU = Debug|Any CPU
		Release|Any CPU = Release|Any CPU
	EndGlobalSection
	GlobalSection(SolutionProperties) = preSolution
		HideSolutionNode = FALSE
	EndGlobalSection
	GlobalSection(ProjectConfigurationPlatforms) = postSolution
		{AA2FF99E-D48B-4615-94D4-4539C2144F4C}.Debug|Any CPU.ActiveCfg = Debug|Any CPU
		{AA2FF99E-D48B-4615-94D4-4539C2144F4C}.Debug|Any CPU.Build.0 = Debug|Any CPU
		{AA2FF99E-D48B-4615-94D4-4539C2144F4C}.Release|Any CPU.ActiveCfg = Release|Any CPU
		{AA2FF99E-D48B-4615-94D4-4539C2144F4C}.Release|Any CPU.Build.0 = Release|Any CPU
		{9236E434-080D-4379-A687-6FB3BA928D0D}.Debug|Any CPU.ActiveCfg = Debug|Any CPU
		{9236E434-080D-4379-A687-6FB3BA928D0D}.Debug|Any CPU.Build.0 = Debug|Any CPU
		{9236E434-080D-4379-A687-6FB3BA928D0D}.Release|Any CPU.ActiveCfg = Release|Any CPU
		{9236E434-080D-4379-A687-6FB3BA928D0D}.Release|Any CPU.Build.0 = Release|Any CPU
		{D5B2CEDB-8DFB-40B7-AEB4-60B37E73F17D}.Debug|Any CPU.ActiveCfg = Debug|Any CPU
		{D5B2CEDB-8DFB-40B7-AEB4-60B37E73F17D}.Debug|Any CPU.Build.0 = Debug|Any CPU
		{D5B2CEDB-8DFB-40B7-AEB4-60B37E73F17D}.Release|Any CPU.ActiveCfg = Release|Any CPU
		{D5B2CEDB-8DFB-40B7-AEB4-60B37E73F17D}.Release|Any CPU.Build.0 = Release|Any CPU
		{74EA8088-12CC-4E2E-A1F6-49B39AD2DADF}.Debug|Any CPU.ActiveCfg = Debug|Any CPU
		{74EA8088-12CC-4E2E-A1F6-49B39AD2DADF}.Debug|Any CPU.Build.0 = Debug|Any CPU
		{74EA8088-12CC-4E2E-A1F6-49B39AD2DADF}.Release|Any CPU.ActiveCfg = Release|Any CPU
		{74EA8088-12CC-4E2E-A1F6-49B39AD2DADF}.Release|Any CPU.Build.0 = Release|Any CPU
	EndGlobalSection
EndGlobal
